
Microsoft Visual Studio Solution File, Format Version 12.00
# Visual Studio 2012
Project("{D954291E-2A0B-460D-934E-DC6B0785DB48}") = "Actividad3", "Actividad3\Actividad3.shproj", "{C4261B71-AA97-4812-A055-5D20997D18F2}"
EndProject
Project("{FAE04EC0-301F-11D3-BF4B-00C04F79EFBC}") = "Actividad3.iOS", "iOS\Actividad3.iOS.csproj", "{404DE25E-EEEB-43AD-BD29-172144F615B6}"
EndProject
Project("{FAE04EC0-301F-11D3-BF4B-00C04F79EFBC}") = "Actividad3.Android", "Android\Actividad3.Android.csproj", "{561B1264-1CB1-4E76-BC4B-F7798043C6F2}"
EndProject
Global
	GlobalSection(SolutionConfigurationPlatforms) = preSolution
		Debug|iPhoneSimulator = Debug|iPhoneSimulator
		Release|iPhoneSimulator = Release|iPhoneSimulator
		Debug|iPhone = Debug|iPhone
		Release|iPhone = Release|iPhone
		Ad-Hoc|iPhone = Ad-Hoc|iPhone
		AppStore|iPhone = AppStore|iPhone
		Debug|Any CPU = Debug|Any CPU
		Release|Any CPU = Release|Any CPU
	EndGlobalSection
	GlobalSection(ProjectConfigurationPlatforms) = postSolution
		{404DE25E-EEEB-43AD-BD29-172144F615B6}.Ad-Hoc|iPhone.ActiveCfg = Ad-Hoc|iPhone
		{404DE25E-EEEB-43AD-BD29-172144F615B6}.Ad-Hoc|iPhone.Build.0 = Ad-Hoc|iPhone
		{404DE25E-EEEB-43AD-BD29-172144F615B6}.AppStore|iPhone.ActiveCfg = AppStore|iPhone
		{404DE25E-EEEB-43AD-BD29-172144F615B6}.AppStore|iPhone.Build.0 = AppStore|iPhone
		{404DE25E-EEEB-43AD-BD29-172144F615B6}.Debug|Any CPU.ActiveCfg = Debug|iPhoneSimulator
		{404DE25E-EEEB-43AD-BD29-172144F615B6}.Debug|Any CPU.Build.0 = Debug|iPhoneSimulator
		{404DE25E-EEEB-43AD-BD29-172144F615B6}.Debug|iPhone.ActiveCfg = Debug|iPhone
		{404DE25E-EEEB-43AD-BD29-172144F615B6}.Debug|iPhone.Build.0 = Debug|iPhone
		{404DE25E-EEEB-43AD-BD29-172144F615B6}.Debug|iPhoneSimulator.ActiveCfg = Debug|iPhoneSimulator
		{404DE25E-EEEB-43AD-BD29-172144F615B6}.Debug|iPhoneSimulator.Build.0 = Debug|iPhoneSimulator
		{404DE25E-EEEB-43AD-BD29-172144F615B6}.Release|Any CPU.ActiveCfg = Release|iPhoneSimulator
		{404DE25E-EEEB-43AD-BD29-172144F615B6}.Release|Any CPU.Build.0 = Release|iPhoneSimulator
		{404DE25E-EEEB-43AD-BD29-172144F615B6}.Release|iPhone.ActiveCfg = Release|iPhone
		{404DE25E-EEEB-43AD-BD29-172144F615B6}.Release|iPhone.Build.0 = Release|iPhone
		{404DE25E-EEEB-43AD-BD29-172144F615B6}.Release|iPhoneSimulator.ActiveCfg = Release|iPhoneSimulator
		{404DE25E-EEEB-43AD-BD29-172144F615B6}.Release|iPhoneSimulator.Build.0 = Release|iPhoneSimulator
		{561B1264-1CB1-4E76-BC4B-F7798043C6F2}.Ad-Hoc|iPhone.ActiveCfg = Release|Any CPU
		{561B1264-1CB1-4E76-BC4B-F7798043C6F2}.Ad-Hoc|iPhone.Build.0 = Release|Any CPU
		{561B1264-1CB1-4E76-BC4B-F7798043C6F2}.AppStore|iPhone.ActiveCfg = Release|Any CPU
		{561B1264-1CB1-4E76-BC4B-F7798043C6F2}.AppStore|iPhone.Build.0 = Release|Any CPU
		{561B1264-1CB1-4E76-BC4B-F7798043C6F2}.Debug|Any CPU.ActiveCfg = Debug|Any CPU
		{561B1264-1CB1-4E76-BC4B-F7798043C6F2}.Debug|Any CPU.Build.0 = Debug|Any CPU
		{561B1264-1CB1-4E76-BC4B-F7798043C6F2}.Debug|iPhone.ActiveCfg = Debug|Any CPU
		{561B1264-1CB1-4E76-BC4B-F7798043C6F2}.Debug|iPhone.Build.0 = Debug|Any CPU
		{561B1264-1CB1-4E76-BC4B-F7798043C6F2}.Debug|iPhoneSimulator.ActiveCfg = Debug|Any CPU
		{561B1264-1CB1-4E76-BC4B-F7798043C6F2}.Debug|iPhoneSimulator.Build.0 = Debug|Any CPU
		{561B1264-1CB1-4E76-BC4B-F7798043C6F2}.Release|Any CPU.ActiveCfg = Release|Any CPU
		{561B1264-1CB1-4E76-BC4B-F7798043C6F2}.Release|Any CPU.Build.0 = Release|Any CPU
		{561B1264-1CB1-4E76-BC4B-F7798043C6F2}.Release|iPhone.ActiveCfg = Release|Any CPU
		{561B1264-1CB1-4E76-BC4B-F7798043C6F2}.Release|iPhone.Build.0 = Release|Any CPU
		{561B1264-1CB1-4E76-BC4B-F7798043C6F2}.Release|iPhoneSimulator.ActiveCfg = Release|Any CPU
		{561B1264-1CB1-4E76-BC4B-F7798043C6F2}.Release|iPhoneSimulator.Build.0 = Release|Any CPU
	EndGlobalSection
	GlobalSection(MonoDevelopProperties) = preSolution
		StartupItem = iOS\Actividad3.iOS.csproj
	EndGlobalSection
EndGlobal
